
Microsoft Visual Studio Solution File, Format Version 12.00
# Visual Studio Version 17
VisualStudioVersion = 17.14.36518.9 d17.14
MinimumVisualStudioVersion = 10.0.40219.1
Project("{FAE04EC0-301F-11D3-BF4B-00C04F79EFBC}") = "rythmgame", "rythmgame\rythmgame.csproj", "{ECF1B026-91D6-45E3-BBE8-7379748AC5CD}"
EndProject
Global
	GlobalSection(SolutionConfigurationPlatforms) = preSolution
		Debug|Any CPU = Debug|Any CPU
		Release|Any CPU = Release|Any CPU
	EndGlobalSection
	GlobalSection(ProjectConfigurationPlatforms) = postSolution
		{ECF1B026-91D6-45E3-BBE8-7379748AC5CD}.Debug|Any CPU.ActiveCfg = Debug|Any CPU
		{ECF1B026-91D6-45E3-BBE8-7379748AC5CD}.Debug|Any CPU.Build.0 = Debug|Any CPU
		{ECF1B026-91D6-45E3-BBE8-7379748AC5CD}.Release|Any CPU.ActiveCfg = Release|Any CPU
		{ECF1B026-91D6-45E3-BBE8-7379748AC5CD}.Release|Any CPU.Build.0 = Release|Any CPU
	EndGlobalSection
	GlobalSection(SolutionProperties) = preSolution
		HideSolutionNode = FALSE
	EndGlobalSection
	GlobalSection(ExtensibilityGlobals) = postSolution
		SolutionGuid = {7F7A3777-12CC-4C5C-AFD2-992BAFC75742}
	EndGlobalSection
EndGlobal
